
Microsoft Visual Studio Solution File, Format Version 12.00
# Visual Studio Version 17
VisualStudioVersion = 17.12.35527.113
MinimumVisualStudioVersion = 10.0.40219.1
Project("{2150E333-8FDC-42A3-9474-1A3956D46DE8}") = "Solution Items", "Solution Items", "{B233E0EF-55C6-48CC-83C1-F72962EF8EEF}"
	ProjectSection(SolutionItems) = preProject
		.editorconfig = .editorconfig
		.gitignore = .gitignore
		Directory.Build.props = Directory.Build.props
		GitVersion.yml = GitVersion.yml
		LICENSE = LICENSE
		README.md = README.md
	EndProjectSection
EndProject
Project("{FAE04EC0-301F-11D3-BF4B-00C04F79EFBC}") = "FTMS.NET.Contracts", "FTMS.NET.Contracts\FTMS.NET.Contracts.csproj", "{3B09D463-F2C2-4C0A-9F2B-BE16A5CF3C69}"
EndProject
Project("{FAE04EC0-301F-11D3-BF4B-00C04F79EFBC}") = "FTMS.NET", "FTMS.NET\FTMS.NET.csproj", "{6407016E-950F-4AFB-8706-C09F76595C21}"
EndProject
Project("{2150E333-8FDC-42A3-9474-1A3956D46DE8}") = ".github", ".github", "{6F624991-F164-4486-A138-64019DAF414F}"
	ProjectSection(SolutionItems) = preProject
		.github\dependabot.yml = .github\dependabot.yml
	EndProjectSection
EndProject
Project("{2150E333-8FDC-42A3-9474-1A3956D46DE8}") = "workflows", "workflows", "{895B4BF3-6DFB-4680-9963-819130322685}"
	ProjectSection(SolutionItems) = preProject
		.github\workflows\cicd.yml = .github\workflows\cicd.yml
	EndProjectSection
EndProject
Project("{2150E333-8FDC-42A3-9474-1A3956D46DE8}") = "docs", "docs", "{A37B17AA-A497-4F41-8C05-9315650D06B1}"
	ProjectSection(SolutionItems) = preProject
		docs\Assigned_Numbers.pdf = docs\Assigned_Numbers.pdf
		docs\FTMS_v1.0-1.pdf = docs\FTMS_v1.0-1.pdf
		docs\GATT_Specification_Supplement.pdf = docs\GATT_Specification_Supplement.pdf
	EndProjectSection
EndProject
Project("{FAE04EC0-301F-11D3-BF4B-00C04F79EFBC}") = "FTMS.NET.Tests", "FTMS.NET.Tests\FTMS.NET.Tests.csproj", "{6E28F066-E6BD-4B83-94F2-81E65ACDF4E0}"
EndProject
Global
	GlobalSection(SolutionConfigurationPlatforms) = preSolution
		Debug|Any CPU = Debug|Any CPU
		Release|Any CPU = Release|Any CPU
	EndGlobalSection
	GlobalSection(ProjectConfigurationPlatforms) = postSolution
		{3B09D463-F2C2-4C0A-9F2B-BE16A5CF3C69}.Debug|Any CPU.ActiveCfg = Debug|Any CPU
		{3B09D463-F2C2-4C0A-9F2B-BE16A5CF3C69}.Debug|Any CPU.Build.0 = Debug|Any CPU
		{3B09D463-F2C2-4C0A-9F2B-BE16A5CF3C69}.Release|Any CPU.ActiveCfg = Release|Any CPU
		{3B09D463-F2C2-4C0A-9F2B-BE16A5CF3C69}.Release|Any CPU.Build.0 = Release|Any CPU
		{6407016E-950F-4AFB-8706-C09F76595C21}.Debug|Any CPU.ActiveCfg = Debug|Any CPU
		{6407016E-950F-4AFB-8706-C09F76595C21}.Debug|Any CPU.Build.0 = Debug|Any CPU
		{6407016E-950F-4AFB-8706-C09F76595C21}.Release|Any CPU.ActiveCfg = Release|Any CPU
		{6407016E-950F-4AFB-8706-C09F76595C21}.Release|Any CPU.Build.0 = Release|Any CPU
		{6E28F066-E6BD-4B83-94F2-81E65ACDF4E0}.Debug|Any CPU.ActiveCfg = Debug|Any CPU
		{6E28F066-E6BD-4B83-94F2-81E65ACDF4E0}.Debug|Any CPU.Build.0 = Debug|Any CPU
		{6E28F066-E6BD-4B83-94F2-81E65ACDF4E0}.Release|Any CPU.ActiveCfg = Release|Any CPU
		{6E28F066-E6BD-4B83-94F2-81E65ACDF4E0}.Release|Any CPU.Build.0 = Release|Any CPU
	EndGlobalSection
	GlobalSection(SolutionProperties) = preSolution
		HideSolutionNode = FALSE
	EndGlobalSection
	GlobalSection(NestedProjects) = preSolution
		{6F624991-F164-4486-A138-64019DAF414F} = {B233E0EF-55C6-48CC-83C1-F72962EF8EEF}
		{895B4BF3-6DFB-4680-9963-819130322685} = {6F624991-F164-4486-A138-64019DAF414F}
		{A37B17AA-A497-4F41-8C05-9315650D06B1} = {B233E0EF-55C6-48CC-83C1-F72962EF8EEF}
	EndGlobalSection
	GlobalSection(ExtensibilityGlobals) = postSolution
		SolutionGuid = {F78A6215-632C-4FC2-A62D-2FDF4FEA5FD9}
	EndGlobalSection
EndGlobal
